
Microsoft Visual Studio Solution File, Format Version 12.00
# Visual Studio Version 17
VisualStudioVersion = 17.5.33530.505
MinimumVisualStudioVersion = 10.0.40219.1
Project("{8BC9CEB8-8B4A-11D0-8D11-00A0C91BC942}") = "Lab4", "Lab4.vcxproj", "{2DD41E68-6967-45B3-A63A-80EEA5D26C0B}"
EndProject
Global
	GlobalSection(SolutionConfigurationPlatforms) = preSolution
		Debug|x64 = Debug|x64
		Debug|x86 = Debug|x86
		Release|x64 = Release|x64
		Release|x86 = Release|x86
	EndGlobalSection
	GlobalSection(ProjectConfigurationPlatforms) = postSolution
		{2DD41E68-6967-45B3-A63A-80EEA5D26C0B}.Debug|x64.ActiveCfg = Debug|x64
		{2DD41E68-6967-45B3-A63A-80EEA5D26C0B}.Debug|x64.Build.0 = Debug|x64
		{2DD41E68-6967-45B3-A63A-80EEA5D26C0B}.Debug|x86.ActiveCfg = Debug|Win32
		{2DD41E68-6967-45B3-A63A-80EEA5D26C0B}.Debug|x86.Build.0 = Debug|Win32
		{2DD41E68-6967-45B3-A63A-80EEA5D26C0B}.Release|x64.ActiveCfg = Release|x64
		{2DD41E68-6967-45B3-A63A-80EEA5D26C0B}.Release|x64.Build.0 = Release|x64
		{2DD41E68-6967-45B3-A63A-80EEA5D26C0B}.Release|x86.ActiveCfg = Release|Win32
		{2DD41E68-6967-45B3-A63A-80EEA5D26C0B}.Release|x86.Build.0 = Release|Win32
	EndGlobalSection
	GlobalSection(SolutionProperties) = preSolution
		HideSolutionNode = FALSE
	EndGlobalSection
	GlobalSection(ExtensibilityGlobals) = postSolution
		SolutionGuid = {C73DC352-7D0D-4341-B25B-F7AD8502B765}
	EndGlobalSection
EndGlobal
